
Microsoft Visual Studio Solution File, Format Version 12.00
# Visual Studio Version 17
VisualStudioVersion = 17.11.35327.3
MinimumVisualStudioVersion = 10.0.40219.1
Project("{9A19103F-16F7-4668-BE54-9A1E7A4F7556}") = "ServiCuentas", "ServiCuentas\ServiCuentas.csproj", "{A6B9DD1D-3CB6-4C2D-B45E-3D302774E8DE}"
EndProject
Project("{FAE04EC0-301F-11D3-BF4B-00C04F79EFBC}") = "PruebaServiCuentas", "PruebaServiCuentas\PruebaServiCuentas.csproj", "{1DACE6A4-5473-4E0F-8DFB-D70DCCB34B64}"
EndProject
Global
	GlobalSection(SolutionConfigurationPlatforms) = preSolution
		Debug|Any CPU = Debug|Any CPU
		Release|Any CPU = Release|Any CPU
	EndGlobalSection
	GlobalSection(ProjectConfigurationPlatforms) = postSolution
		{A6B9DD1D-3CB6-4C2D-B45E-3D302774E8DE}.Debug|Any CPU.ActiveCfg = Debug|Any CPU
		{A6B9DD1D-3CB6-4C2D-B45E-3D302774E8DE}.Debug|Any CPU.Build.0 = Debug|Any CPU
		{A6B9DD1D-3CB6-4C2D-B45E-3D302774E8DE}.Release|Any CPU.ActiveCfg = Release|Any CPU
		{A6B9DD1D-3CB6-4C2D-B45E-3D302774E8DE}.Release|Any CPU.Build.0 = Release|Any CPU
		{1DACE6A4-5473-4E0F-8DFB-D70DCCB34B64}.Debug|Any CPU.ActiveCfg = Debug|Any CPU
		{1DACE6A4-5473-4E0F-8DFB-D70DCCB34B64}.Debug|Any CPU.Build.0 = Debug|Any CPU
		{1DACE6A4-5473-4E0F-8DFB-D70DCCB34B64}.Release|Any CPU.ActiveCfg = Release|Any CPU
		{1DACE6A4-5473-4E0F-8DFB-D70DCCB34B64}.Release|Any CPU.Build.0 = Release|Any CPU
	EndGlobalSection
	GlobalSection(SolutionProperties) = preSolution
		HideSolutionNode = FALSE
	EndGlobalSection
	GlobalSection(ExtensibilityGlobals) = postSolution
		SolutionGuid = {1DFE2DA5-8BB0-45B2-A250-E682D6154A2D}
	EndGlobalSection
EndGlobal
